PODS:
  - BrandPay/Biometric (1.3.0):
    - BrandPay/Core
  - BrandPay/Core (1.3.0)
  - BrandPay/OCR (1.3.0):
    - BrandPay/Core

DEPENDENCIES:
  - BrandPay/Biometric (from `../../`)
  - BrandPay/OCR (from `../../`)

EXTERNAL SOURCES:
  BrandPay:
    :path: "../../"

SPEC CHECKSUMS:
  BrandPay: a9b5f76c0051d95e06760b065c1ebe4f6a47a6ed

PODFILE CHECKSUM: 7a8ca56c06160e43055f2215cdb2ef9a28af7e76

COCOAPODS: 1.15.2
